PODS:
  - BigInt (3.1.0):
    - SipHash (~> 1.2)
  - EosioSwift (0.1.1):
    - BigInt (~> 3.1)
    - PromiseKit (~> 6.8)
  - EosioSwiftAbieosSerializationProvider (0.1.1):
    - EosioSwift (~> 0.1.1)
  - EosioSwiftEcc (0.1.1):
    - EosioSwift (~> 0.1.1)
    - GRKOpenSSLFramework (~> 1.0)
  - EosioSwiftSoftkeySignatureProvider (0.1.1):
    - EosioSwift (~> 0.1.1)
    - EosioSwiftEcc (~> 0.1.1)
  - GRKOpenSSLFramework (1.0.2.16)
  - PromiseKit (6.8.4):
    - PromiseKit/CorePromise (= 6.8.4)
    - PromiseKit/Foundation (= 6.8.4)
    - PromiseKit/UIKit (= 6.8.4)
  - PromiseKit/CorePromise (6.8.4)
  - PromiseKit/Foundation (6.8.4):
    - PromiseKit/CorePromise
  - PromiseKit/UIKit (6.8.4):
    - PromiseKit/CorePromise
  - SipHash (1.2.2)

DEPENDENCIES:
  - EosioSwift (~> 0.1.1)
  - EosioSwiftAbieosSerializationProvider (~> 0.1.1)
  - EosioSwiftSoftkeySignatureProvider (~> 0.1.1)

SPEC REPOS:
  https://github.com/cocoapods/specs.git:
    - BigInt
    - EosioSwift
    - EosioSwiftAbieosSerializationProvider
    - EosioSwiftEcc
    - EosioSwiftSoftkeySignatureProvider
    - GRKOpenSSLFramework
    - PromiseKit
    - SipHash

SPEC CHECKSUMS:
  BigInt: 76b5dfdfa3e2e478d4ffdf161aeede5502e2742f
  EosioSwift: d0710f56b8afc6408faf766427538f2af046c595
  EosioSwiftAbieosSerializationProvider: 281b16b5fe0787aa1cf1c709d9ca3f5696b8ebba
  EosioSwiftEcc: 24800b7d1577f13d64413ded2a36f6993ebf7896
  EosioSwiftSoftkeySignatureProvider: d60802257e87ad3ff973c760a4b4620e246e485f
  GRKOpenSSLFramework: 35944e317e6336b2944ad70b059d84db6b2d8532
  PromiseKit: 51794a832647e7b819336dc2279039ce9f1cc49b
  SipHash: fad90a4683e420c52ef28063063dbbce248ea6d4

PODFILE CHECKSUM: 400948e9d0145f67db3fa9034c464b21d0a6ef2a

COCOAPODS: 1.6.1
