PODS:
  - BigInt (5.0.0)
  - EosioSwift (0.2.0):
    - BigInt (~> 5.0)
    - PromiseKit (~> 6.8)
  - EosioSwiftAbieosSerializationProvider (0.2.0):
    - EosioSwift (~> 0.2.0)
  - EosioSwiftEcc (0.2.0):
    - EosioSwift (~> 0.2.0)
    - GRKOpenSSLFramework (= 1.0.2.19)
  - EosioSwiftSoftkeySignatureProvider (0.2.0):
    - EosioSwift (~> 0.2.0)
    - EosioSwiftEcc (~> 0.2.0)
  - GRKOpenSSLFramework (1.0.2.19)
  - PromiseKit (6.11.0):
    - PromiseKit/CorePromise (= 6.11.0)
    - PromiseKit/Foundation (= 6.11.0)
    - PromiseKit/UIKit (= 6.11.0)
  - PromiseKit/CorePromise (6.11.0)
  - PromiseKit/Foundation (6.11.0):
    - PromiseKit/CorePromise
  - PromiseKit/UIKit (6.11.0):
    - PromiseKit/CorePromise

DEPENDENCIES:
  - EosioSwift (~> 0.2.0)
  - EosioSwiftAbieosSerializationProvider (~> 0.2.0)
  - EosioSwiftSoftkeySignatureProvider (~> 0.2.0)

SPEC REPOS:
  trunk:
    - BigInt
    - EosioSwift
    - EosioSwiftAbieosSerializationProvider
    - EosioSwiftEcc
    - EosioSwiftSoftkeySignatureProvider
    - GRKOpenSSLFramework
    - PromiseKit

SPEC CHECKSUMS:
  BigInt: 74b4d88367b0e819d9f77393549226d36faeb0d8
  EosioSwift: 5d8585bd3a7276c02fc2e894d67702c833c2585a
  EosioSwiftAbieosSerializationProvider: a4352908faa121fc75982735b17f7582f4d44b67
  EosioSwiftEcc: 1eb995ee22c2824f50ae75170fd0d115f81c1340
  EosioSwiftSoftkeySignatureProvider: 787f98770c47f095e8ef8605e28be5c1a1eace99
  GRKOpenSSLFramework: 4abc733a8fcbc37060619a86a54202d2938dd70e
  PromiseKit: e4863d06976e7dee5e41c04fc7371c16b3600292

PODFILE CHECKSUM: 1752b2ed347ec7a3e96e9b068084c8cfe007aa88

COCOAPODS: 1.8.4
