{
  "object": {
    "pins": [
      {
        "package": "BigInt",
        "repositoryURL": "https://github.com/attaswift/BigInt.git",
        "state": {
          "branch": null,
          "revision": "889a1ecacd73ccc189c5cb29288048f186c44ed9",
          "version": "5.2.1"
        }
      },
      {
        "package": "EosioSwift",
        "repositoryURL": "https://github.com/EOSIO/eosio-swift",
        "state": {
          "branch": null,
          "revision": "43bd15ce5abcdf2f8028f6484f677e98caf4c88d",
          "version": "1.0.0"
        }
      },
      {
        "package": "PMKFoundation",
        "repositoryURL": "https://github.com/PromiseKit/Foundation",
        "state": {
          "branch": null,
          "revision": "1a276e598dac59489ed904887e0740fa75e571e0",
          "version": "3.3.4"
        }
      },
      {
        "package": "PromiseKit",
        "repositoryURL": "https://github.com/mxcl/PromiseKit",
        "state": {
          "branch": null,
          "revision": "aea48ea1855f5d82e2dffa6027afce3aab8f3dd7",
          "version": "6.13.3"
        }
      }
    ]
  },
  "version": 1
}
